{
  "nodes": {
    "attic": {
      "inputs": {
        "crane": "crane",
        "flake-compat": "flake-compat",
        "flake-utils": "flake-utils",
        "nixpkgs": "nixpkgs",
        "nixpkgs-stable": "nixpkgs-stable"
      },
      "locked": {
        "lastModified": 1711742460,
        "narHash": "sha256-0O4v6e4a1toxXZ2gf5INhg4WPE5C5T+SVvsBt+45Mcc=",
        "owner": "zhaofengli",
        "repo": "attic",
        "rev": "4dbdbee45728d8ce5788db6461aaaa89d98081f0",
        "type": "github"
      },
      "original": {
        "owner": "zhaofengli",
        "repo": "attic",
        "type": "github"
      }
    },
    "crane": {
      "inputs": {
        "nixpkgs": [
          "attic",
          "nixpkgs"
        ]
      },
      "locked": {
        "lastModified": 1702918879,
        "narHash": "sha256-tWJqzajIvYcaRWxn+cLUB9L9Pv4dQ3Bfit/YjU5ze3g=",
        "owner": "ipetkov",
        "repo": "crane",
        "rev": "7195c00c272fdd92fc74e7d5a0a2844b9fadb2fb",
        "type": "github"
      },
      "original": {
        "owner": "ipetkov",
        "repo": "crane",
        "type": "github"
      }
    },
    "crane_2": {
      "inputs": {
        "nixpkgs": [
          "nixpkgs"
        ]
      },
      "locked": {
        "lastModified": 1716745752,
        "narHash": "sha256-8K1R9Yg4r08rYk86Yq+lu3E9L3uRUb4xMqYHgl0VGS0=",
        "owner": "ipetkov",
        "repo": "crane",
        "rev": "19ca94ec2d288de334ae932107816b4a97736cd8",
        "type": "github"
      },
      "original": {
        "owner": "ipetkov",
        "repo": "crane",
        "type": "github"
      }
    },
    "flake-compat": {
      "flake": false,
      "locked": {
        "lastModified": 1673956053,
        "narHash": "sha256-4gtG9iQuiKITOjNQQeQIpoIB6b16fm+504Ch3sNKLd8=",
        "owner": "edolstra",
        "repo": "flake-compat",
        "rev": "35bb57c0c8d8b62bbfd284272c928ceb64ddbde9",
        "type": "github"
      },
      "original": {
        "owner": "edolstra",
        "repo": "flake-compat",
        "type": "github"
      }
    },
    "flake-parts": {
      "inputs": {
        "nixpkgs-lib": "nixpkgs-lib"
      },
      "locked": {
        "lastModified": 1715865404,
        "narHash": "sha256-/GJvTdTpuDjNn84j82cU6bXztE0MSkdnTWClUCRub78=",
        "owner": "hercules-ci",
        "repo": "flake-parts",
        "rev": "8dc45382d5206bd292f9c2768b8058a8fd8311d9",
        "type": "github"
      },
      "original": {
        "owner": "hercules-ci",
        "repo": "flake-parts",
        "type": "github"
      }
    },
    "flake-utils": {
      "locked": {
        "lastModified": 1667395993,
        "narHash": "sha256-nuEHfE/LcWyuSWnS8t12N1wc105Qtau+/OdUAjtQ0rA=",
        "owner": "numtide",
        "repo": "flake-utils",
        "rev": "5aed5285a952e0b949eb3ba02c12fa4fcfef535f",
        "type": "github"
      },
      "original": {
        "owner": "numtide",
        "repo": "flake-utils",
        "type": "github"
      }
    },
    "flake-utils_2": {
      "inputs": {
        "systems": "systems"
      },
      "locked": {
        "lastModified": 1705309234,
        "narHash": "sha256-uNRRNRKmJyCRC/8y1RqBkqWBLM034y4qN7EprSdmgyA=",
        "owner": "numtide",
        "repo": "flake-utils",
        "rev": "1ef2e671c3b0c19053962c07dbda38332dcebf26",
        "type": "github"
      },
      "original": {
        "owner": "numtide",
        "repo": "flake-utils",
        "type": "github"
      }
    },
    "next-ls": {
      "inputs": {
        "nixpkgs": "nixpkgs_2"
      },
      "locked": {
        "lastModified": 1716689325,
        "narHash": "sha256-vnZGYg/I2OA8RJjRS181oblablSsARtCSEBLnvEYGqg=",
        "owner": "elixir-tools",
        "repo": "next-ls",
        "rev": "4c0d5821abe7f9c1d0ad9fb98b71136962ef2c68",
        "type": "github"
      },
      "original": {
        "owner": "elixir-tools",
        "repo": "next-ls",
        "type": "github"
      }
    },
    "nixpkgs": {
      "locked": {
        "lastModified": 1711401922,
        "narHash": "sha256-QoQqXoj8ClGo0sqD/qWKFWezgEwUL0SUh37/vY2jNhc=",
        "owner": "NixOS",
        "repo": "nixpkgs",
        "rev": "07262b18b97000d16a4bdb003418bd2fb067a932",
        "type": "github"
      },
      "original": {
        "owner": "NixOS",
        "ref": "nixpkgs-unstable",
        "repo": "nixpkgs",
        "type": "github"
      }
    },
    "nixpkgs-lib": {
      "locked": {
        "lastModified": 1714640452,
        "narHash": "sha256-QBx10+k6JWz6u7VsohfSw8g8hjdBZEf8CFzXH1/1Z94=",
        "type": "tarball",
        "url": "https://github.com/NixOS/nixpkgs/archive/50eb7ecf4cd0a5756d7275c8ba36790e5bd53e33.tar.gz"
      },
      "original": {
        "type": "tarball",
        "url": "https://github.com/NixOS/nixpkgs/archive/50eb7ecf4cd0a5756d7275c8ba36790e5bd53e33.tar.gz"
      }
    },
    "nixpkgs-stable": {
      "locked": {
        "lastModified": 1711460390,
        "narHash": "sha256-akSgjDZL6pVHEfSE6sz1DNSXuYX6hq+P/1Z5IoYWs7E=",
        "owner": "NixOS",
        "repo": "nixpkgs",
        "rev": "44733514b72e732bd49f5511bd0203dea9b9a434",
        "type": "github"
      },
      "original": {
        "owner": "NixOS",
        "ref": "nixos-23.11",
        "repo": "nixpkgs",
        "type": "github"
      }
    },
    "nixpkgs_2": {
      "locked": {
        "narHash": "sha256-5tPUpZlCpgqDQVUDlmhDhKn1h0A68jba8/DYie+yNC4=",
        "owner": "NixOS",
        "repo": "nixpkgs",
        "rev": "592a779f3c5e7bce1a02027abe11b7996816223f",
        "type": "github"
      },
      "original": {
        "owner": "NixOS",
        "ref": "nixos-unstable",
        "repo": "nixpkgs",
        "type": "github"
      }
    },
    "nixpkgs_3": {
      "locked": {
        "lastModified": 1716769173,
        "narHash": "sha256-7EXDb5WBw+d004Agt+JHC/Oyh/KTUglOaQ4MNjBbo5w=",
        "owner": "nixos",
        "repo": "nixpkgs",
        "rev": "9ca3f649614213b2aaf5f1e16ec06952fe4c2632",
        "type": "github"
      },
      "original": {
        "owner": "nixos",
        "ref": "nixos-unstable",
        "repo": "nixpkgs",
        "type": "github"
      }
    },
    "process-compose-flake": {
      "locked": {
        "lastModified": 1715063745,
        "narHash": "sha256-kO8gcRHfuKIlsGmFoHUF4lD3CfrRBymIlG2R3OHBEjQ=",
        "owner": "Platonic-Systems",
        "repo": "process-compose-flake",
        "rev": "32c069e7ef436b4325ee36503cd02b2863eede53",
        "type": "github"
      },
      "original": {
        "owner": "Platonic-Systems",
        "repo": "process-compose-flake",
        "type": "github"
      }
    },
    "root": {
      "inputs": {
        "attic": "attic",
        "crane": "crane_2",
        "flake-parts": "flake-parts",
        "next-ls": "next-ls",
        "nixpkgs": "nixpkgs_3",
        "process-compose-flake": "process-compose-flake",
        "rust-overlay": "rust-overlay",
        "services-flake": "services-flake"
      }
    },
    "rust-overlay": {
      "inputs": {
        "flake-utils": "flake-utils_2",
        "nixpkgs": [
          "nixpkgs"
        ]
      },
      "locked": {
        "lastModified": 1716949111,
        "narHash": "sha256-ms3aD3Z2jKd1dk8qd0D/N7C8vFxn6z6LQ1G7cvNTVJ8=",
        "owner": "oxalica",
        "repo": "rust-overlay",
        "rev": "2e7ccf572ce0f0547d4cf4426de4482936882d0e",
        "type": "github"
      },
      "original": {
        "owner": "oxalica",
        "repo": "rust-overlay",
        "type": "github"
      }
    },
    "services-flake": {
      "locked": {
        "lastModified": 1716920880,
        "narHash": "sha256-oEMynPWhXKvsisIpCP+PxfkZyK/4UnPiUo3K+JYBYio=",
        "owner": "juspay",
        "repo": "services-flake",
        "rev": "5d5e5fa514a220da9075414615554cd194691978",
        "type": "github"
      },
      "original": {
        "owner": "juspay",
        "repo": "services-flake",
        "type": "github"
      }
    },
    "systems": {
      "locked": {
        "lastModified": 1681028828,
        "narHash": "sha256-Vy1rq5AaRuLzOxct8nz4T6wlgyUR7zLU309k9mBC768=",
        "owner": "nix-systems",
        "repo": "default",
        "rev": "da67096a3b9bf56a91d16901293e51ba5b49a27e",
        "type": "github"
      },
      "original": {
        "owner": "nix-systems",
        "repo": "default",
        "type": "github"
      }
    }
  },
  "root": "root",
  "version": 7
}
